<?xml version="1.0" encoding="utf-8"?>
<Project ToolsVersion="4.0" xmlns="http://schemas.microsoft.com/developer/msbuild/2003">
  <ItemGroup>
    <Filter Include="Source Files">
      <UniqueIdentifier>{4FC737F1-C7A5-4376-A066-2A32D752A2FF}</UniqueIdentifier>
      <Extensions>cpp;c;cc;cxx;c++;cppm;ixx;def;odl;idl;hpj;bat;asm;asmx</Extensions>
    </Filter>
    <Filter Include="Header Files">
      <UniqueIdentifier>{93995380-89BD-4b04-88EB-625FBE52EBFB}</UniqueIdentifier>
      <Extensions>h;hh;hpp;hxx;h++;hm;inl;inc;ipp;xsd</Extensions>
    </Filter>
    <Filter Include="Resource Files">
      <UniqueIdentifier>{67DA6AB6-F800-4c08-8B7A-83BB121AAD01}</UniqueIdentifier>
      <Extensions>rc;ico;cur;bmp;dlg;rc2;rct;bin;rgs;gif;jpg;jpeg;jpe;resx;tiff;tif;png;wav;mfcribbon-ms</Extensions>
    </Filter>
  </ItemGroup>
  <ItemGroup>
    <ClCompile Include="Source.cpp">
      <Filter>Source Files</Filter>
    </ClCompile>
    <ClCompile Include="OrderStatisticAlgorithm.cpp">
      <Filter>Source Files</Filter>
    </ClCompile>
    <ClCompile Include="GenerateRandomInput.cpp">
      <Filter>Source Files</Filter>
    </ClCompile>
    <ClCompile Include="ArrayAverageCalc.cpp">
      <Filter>Source Files</Filter>
    </ClCompile>
  </ItemGroup>
  <ItemGroup>
    <Text Include="results.txt">
      <Filter>Resource Files</Filter>
    </Text>
  </ItemGroup>
  <ItemGroup>
    <None Include="image1.pgm">
      <Filter>Resource Files</Filter>
    </None>
    <None Include="image2.pgm">
      <Filter>Resource Files</Filter>
    </None>
    <None Include="image3.pgm">
      <Filter>Resource Files</Filter>
    </None>
    <None Include="image4.pgm">
      <Filter>Resource Files</Filter>
    </None>
    <None Include="image5.pgm">
      <Filter>Resource Files</Filter>
    </None>
    <None Include="image6.pgm">
      <Filter>Resource Files</Filter>
    </None>
    <None Include="image7.pgm">
      <Filter>Resource Files</Filter>
    </None>
    <None Include="image8.pgm">
      <Filter>Resource Files</Filter>
    </None>
    <None Include="image9.pgm">
      <Filter>Resource Files</Filter>
    </None>
    <None Include="image10.pgm">
      <Filter>Resource Files</Filter>
    </None>
    <None Include="image11.pgm">
      <Filter>Resource Files</Filter>
    </None>
    <None Include="image12.pgm">
      <Filter>Resource Files</Filter>
    </None>
    <None Include="image13.pgm">
      <Filter>Resource Files</Filter>
    </None>
    <None Include="image14.pgm">
      <Filter>Resource Files</Filter>
    </None>
    <None Include="image15.pgm">
      <Filter>Resource Files</Filter>
    </None>
    <None Include="image16.pgm">
      <Filter>Resource Files</Filter>
    </None>
    <None Include="image17.pgm">
      <Filter>Resource Files</Filter>
    </None>
    <None Include="image18.pgm">
      <Filter>Resource Files</Filter>
    </None>
    <None Include="image19.pgm">
      <Filter>Resource Files</Filter>
    </None>
    <None Include="image20.pgm">
      <Filter>Resource Files</Filter>
    </None>
    <None Include="filtered_image1.pgm">
      <Filter>Resource Files</Filter>
    </None>
  </ItemGroup>
</Project>